
Microsoft Visual Studio Solution File, Format Version 12.00
# Visual Studio 15
VisualStudioVersion = 15.0.27703.2042
MinimumVisualStudioVersion = 10.0.40219.1
Project("{FAE04EC0-301F-11D3-BF4B-00C04F79EFBC}") = "WCFNamedPipe", "WCFNamedPipe\WCFNamedPipe.csproj", "{F4CC38C8-B8F7-4A29-9069-F4B38D41F30C}"
EndProject
Project("{FAE04EC0-301F-11D3-BF4B-00C04F79EFBC}") = "ConsoleAppNamedPipe", "ConsoleAppNamedPipe\ConsoleAppNamedPipe.csproj", "{86E32360-8A9B-405C-BA59-1DC7E1447C87}"
EndProject
Global
	GlobalSection(SolutionConfigurationPlatforms) = preSolution
		Debug|Any CPU = Debug|Any CPU
		Release|Any CPU = Release|Any CPU
	EndGlobalSection
	GlobalSection(ProjectConfigurationPlatforms) = postSolution
		{F4CC38C8-B8F7-4A29-9069-F4B38D41F30C}.Debug|Any CPU.ActiveCfg = Debug|Any CPU
		{F4CC38C8-B8F7-4A29-9069-F4B38D41F30C}.Debug|Any CPU.Build.0 = Debug|Any CPU
		{F4CC38C8-B8F7-4A29-9069-F4B38D41F30C}.Release|Any CPU.ActiveCfg = Release|Any CPU
		{F4CC38C8-B8F7-4A29-9069-F4B38D41F30C}.Release|Any CPU.Build.0 = Release|Any CPU
		{86E32360-8A9B-405C-BA59-1DC7E1447C87}.Debug|Any CPU.ActiveCfg = Debug|Any CPU
		{86E32360-8A9B-405C-BA59-1DC7E1447C87}.Debug|Any CPU.Build.0 = Debug|Any CPU
		{86E32360-8A9B-405C-BA59-1DC7E1447C87}.Release|Any CPU.ActiveCfg = Release|Any CPU
		{86E32360-8A9B-405C-BA59-1DC7E1447C87}.Release|Any CPU.Build.0 = Release|Any CPU
	EndGlobalSection
	GlobalSection(SolutionProperties) = preSolution
		HideSolutionNode = FALSE
	EndGlobalSection
	GlobalSection(ExtensibilityGlobals) = postSolution
		SolutionGuid = {EF89F656-2F2B-4620-9567-A792D75ED481}
	EndGlobalSection
EndGlobal
